
Microsoft Visual Studio Solution File, Format Version 12.00
# Visual Studio Version 16
VisualStudioVersion = 16.0.30907.101
MinimumVisualStudioVersion = 10.0.40219.1
Project("{FAE04EC0-301F-11D3-BF4B-00C04F79EFBC}") = "POS", "POS\POS.csproj", "{20788F8B-3E2F-40DC-8197-4F27A6270AD5}"
EndProject
Project("{FAE04EC0-301F-11D3-BF4B-00C04F79EFBC}") = "POS.Data", "POS.Data\POS.Data.csproj", "{C80DC10A-AC72-4940-8CAE-7B160356C25E}"
EndProject
Project("{FAE04EC0-301F-11D3-BF4B-00C04F79EFBC}") = "POS.ViewModel", "POS.ViewModel\POS.ViewModel.csproj", "{0B83B604-2726-48AF-A8AE-8F6F192F1B3F}"
EndProject
Project("{FAE04EC0-301F-11D3-BF4B-00C04F79EFBC}") = "POS.Repository", "POS.Repository\POS.Repository.csproj", "{8A1D6AEB-3C00-4D80-A085-654C39777238}"
EndProject
Project("{FAE04EC0-301F-11D3-BF4B-00C04F79EFBC}") = "POS.Service", "POS.Service\POS.Service.csproj", "{539F244C-AB4D-4105-B68D-E096551D19B6}"
EndProject
Global
	GlobalSection(SolutionConfigurationPlatforms) = preSolution
		Debug|Any CPU = Debug|Any CPU
		Release|Any CPU = Release|Any CPU
	EndGlobalSection
	GlobalSection(ProjectConfigurationPlatforms) = postSolution
		{20788F8B-3E2F-40DC-8197-4F27A6270AD5}.Debug|Any CPU.ActiveCfg = Debug|Any CPU
		{20788F8B-3E2F-40DC-8197-4F27A6270AD5}.Debug|Any CPU.Build.0 = Debug|Any CPU
		{20788F8B-3E2F-40DC-8197-4F27A6270AD5}.Release|Any CPU.ActiveCfg = Release|Any CPU
		{20788F8B-3E2F-40DC-8197-4F27A6270AD5}.Release|Any CPU.Build.0 = Release|Any CPU
		{C80DC10A-AC72-4940-8CAE-7B160356C25E}.Debug|Any CPU.ActiveCfg = Debug|Any CPU
		{C80DC10A-AC72-4940-8CAE-7B160356C25E}.Debug|Any CPU.Build.0 = Debug|Any CPU
		{C80DC10A-AC72-4940-8CAE-7B160356C25E}.Release|Any CPU.ActiveCfg = Release|Any CPU
		{C80DC10A-AC72-4940-8CAE-7B160356C25E}.Release|Any CPU.Build.0 = Release|Any CPU
		{0B83B604-2726-48AF-A8AE-8F6F192F1B3F}.Debug|Any CPU.ActiveCfg = Debug|Any CPU
		{0B83B604-2726-48AF-A8AE-8F6F192F1B3F}.Debug|Any CPU.Build.0 = Debug|Any CPU
		{0B83B604-2726-48AF-A8AE-8F6F192F1B3F}.Release|Any CPU.ActiveCfg = Release|Any CPU
		{0B83B604-2726-48AF-A8AE-8F6F192F1B3F}.Release|Any CPU.Build.0 = Release|Any CPU
		{8A1D6AEB-3C00-4D80-A085-654C39777238}.Debug|Any CPU.ActiveCfg = Debug|Any CPU
		{8A1D6AEB-3C00-4D80-A085-654C39777238}.Debug|Any CPU.Build.0 = Debug|Any CPU
		{8A1D6AEB-3C00-4D80-A085-654C39777238}.Release|Any CPU.ActiveCfg = Release|Any CPU
		{8A1D6AEB-3C00-4D80-A085-654C39777238}.Release|Any CPU.Build.0 = Release|Any CPU
		{539F244C-AB4D-4105-B68D-E096551D19B6}.Debug|Any CPU.ActiveCfg = Debug|Any CPU
		{539F244C-AB4D-4105-B68D-E096551D19B6}.Debug|Any CPU.Build.0 = Debug|Any CPU
		{539F244C-AB4D-4105-B68D-E096551D19B6}.Release|Any CPU.ActiveCfg = Release|Any CPU
		{539F244C-AB4D-4105-B68D-E096551D19B6}.Release|Any CPU.Build.0 = Release|Any CPU
	EndGlobalSection
	GlobalSection(SolutionProperties) = preSolution
		HideSolutionNode = FALSE
	EndGlobalSection
	GlobalSection(ExtensibilityGlobals) = postSolution
		SolutionGuid = {C3854F0D-7EAC-4E9E-995B-1E384CC2CC7D}
	EndGlobalSection
EndGlobal
